
Microsoft Visual Studio Solution File, Format Version 12.00
Project("{FAE04EC0-301F-11D3-BF4B-00C04F79EFBC}") = "API", "API\API.csproj", "{CD586909-5323-4C94-9D51-9AD28F9589BA}"
EndProject
Project("{FAE04EC0-301F-11D3-BF4B-00C04F79EFBC}") = "Domain", "Domain\Domain.csproj", "{CDA9B3DF-4F6A-4A78-B270-A6F6A79E6BA7}"
EndProject
Project("{FAE04EC0-301F-11D3-BF4B-00C04F79EFBC}") = "Application", "Application\Application.csproj", "{C2DCA27D-7D17-4027-8734-FFA02CDC991B}"
EndProject
Project("{FAE04EC0-301F-11D3-BF4B-00C04F79EFBC}") = "Infrastructure", "Infrastructure\Infrastructure.csproj", "{B9938B8C-36B2-42A6-A14C-70D0AE0ABE1F}"
EndProject
Project("{FAE04EC0-301F-11D3-BF4B-00C04F79EFBC}") = "Utilities", "Utilities\Utilities.csproj", "{35747924-1707-4BE3-A84A-5E14A6BF001D}"
EndProject
Project("{2150E333-8FDC-42A3-9474-1A3956D46DE8}") = "docker-compose", "docker-compose", "{02D4BF18-4A26-40F3-A979-E32676515574}"
	ProjectSection(SolutionItems) = preProject
		counter-service-compose.yaml = counter-service-compose.yaml
		..\..\docker-compose\shared-infrastructure-compose.yaml = ..\..\docker-compose\shared-infrastructure-compose.yaml
	EndProjectSection
EndProject
Global
	GlobalSection(SolutionConfigurationPlatforms) = preSolution
		Debug|Any CPU = Debug|Any CPU
		Release|Any CPU = Release|Any CPU
	EndGlobalSection
	GlobalSection(ProjectConfigurationPlatforms) = postSolution
		{CD586909-5323-4C94-9D51-9AD28F9589BA}.Debug|Any CPU.ActiveCfg = Debug|Any CPU
		{CD586909-5323-4C94-9D51-9AD28F9589BA}.Debug|Any CPU.Build.0 = Debug|Any CPU
		{CD586909-5323-4C94-9D51-9AD28F9589BA}.Release|Any CPU.ActiveCfg = Release|Any CPU
		{CD586909-5323-4C94-9D51-9AD28F9589BA}.Release|Any CPU.Build.0 = Release|Any CPU
		{CDA9B3DF-4F6A-4A78-B270-A6F6A79E6BA7}.Debug|Any CPU.ActiveCfg = Debug|Any CPU
		{CDA9B3DF-4F6A-4A78-B270-A6F6A79E6BA7}.Debug|Any CPU.Build.0 = Debug|Any CPU
		{CDA9B3DF-4F6A-4A78-B270-A6F6A79E6BA7}.Release|Any CPU.ActiveCfg = Release|Any CPU
		{CDA9B3DF-4F6A-4A78-B270-A6F6A79E6BA7}.Release|Any CPU.Build.0 = Release|Any CPU
		{C2DCA27D-7D17-4027-8734-FFA02CDC991B}.Debug|Any CPU.ActiveCfg = Debug|Any CPU
		{C2DCA27D-7D17-4027-8734-FFA02CDC991B}.Debug|Any CPU.Build.0 = Debug|Any CPU
		{C2DCA27D-7D17-4027-8734-FFA02CDC991B}.Release|Any CPU.ActiveCfg = Release|Any CPU
		{C2DCA27D-7D17-4027-8734-FFA02CDC991B}.Release|Any CPU.Build.0 = Release|Any CPU
		{B9938B8C-36B2-42A6-A14C-70D0AE0ABE1F}.Debug|Any CPU.ActiveCfg = Debug|Any CPU
		{B9938B8C-36B2-42A6-A14C-70D0AE0ABE1F}.Debug|Any CPU.Build.0 = Debug|Any CPU
		{B9938B8C-36B2-42A6-A14C-70D0AE0ABE1F}.Release|Any CPU.ActiveCfg = Release|Any CPU
		{B9938B8C-36B2-42A6-A14C-70D0AE0ABE1F}.Release|Any CPU.Build.0 = Release|Any CPU
		{35747924-1707-4BE3-A84A-5E14A6BF001D}.Debug|Any CPU.ActiveCfg = Debug|Any CPU
		{35747924-1707-4BE3-A84A-5E14A6BF001D}.Debug|Any CPU.Build.0 = Debug|Any CPU
		{35747924-1707-4BE3-A84A-5E14A6BF001D}.Release|Any CPU.ActiveCfg = Release|Any CPU
		{35747924-1707-4BE3-A84A-5E14A6BF001D}.Release|Any CPU.Build.0 = Release|Any CPU
	EndGlobalSection
EndGlobal
