
Microsoft Visual Studio Solution File, Format Version 12.00
Project("{2150E333-8FDC-42A3-9474-1A3956D46DE8}") = "docker-compose", "docker-compose", "{02D4BF18-4A26-40F3-A979-E32676515574}"
	ProjectSection(SolutionItems) = preProject
		counter-service-compose.yaml = counter-service-compose.yaml
		..\..\docker-compose\shared-infrastructure-compose.yaml = ..\..\docker-compose\shared-infrastructure-compose.yaml
	EndProjectSection
EndProject
Project("{2150E333-8FDC-42A3-9474-1A3956D46DE8}") = "src", "src", "{C3FE341A-BCB0-45BD-B33E-513AA6084B3D}"
EndProject
Project("{FAE04EC0-301F-11D3-BF4B-00C04F79EFBC}") = "API", "src\API\API.csproj", "{47880D0A-41C7-44E6-8273-A29B6D79834C}"
EndProject
Project("{FAE04EC0-301F-11D3-BF4B-00C04F79EFBC}") = "Application", "src\Application\Application.csproj", "{E03B6C88-D530-4646-AA51-A352356BCBBC}"
EndProject
Project("{FAE04EC0-301F-11D3-BF4B-00C04F79EFBC}") = "Domain", "src\Domain\Domain.csproj", "{B687F4E9-8F76-431B-B9D3-051A58270F3A}"
EndProject
Project("{FAE04EC0-301F-11D3-BF4B-00C04F79EFBC}") = "Infrastructure", "src\Infrastructure\Infrastructure.csproj", "{8B7E61D0-A314-4501-B6C3-E741E03196C0}"
EndProject
Project("{FAE04EC0-301F-11D3-BF4B-00C04F79EFBC}") = "Utilities", "src\Utilities\Utilities.csproj", "{1CD262C8-526C-46C7-AC97-311822245151}"
EndProject
Project("{2150E333-8FDC-42A3-9474-1A3956D46DE8}") = "test", "test", "{6B6D22FF-6E0C-43D2-A537-67D36344E06C}"
EndProject
Project("{2150E333-8FDC-42A3-9474-1A3956D46DE8}") = "Benchmarks", "Benchmarks", "{89BF7C46-52C1-451B-9E6B-B17662046369}"
	ProjectSection(SolutionItems) = preProject
		test\Benchmarks\counter_service.proto = test\Benchmarks\counter_service.proto
		test\Benchmarks\increment_counter.js = test\Benchmarks\increment_counter.js
	EndProjectSection
EndProject
Global
	GlobalSection(SolutionConfigurationPlatforms) = preSolution
		Debug|Any CPU = Debug|Any CPU
		Release|Any CPU = Release|Any CPU
	EndGlobalSection
	GlobalSection(ProjectConfigurationPlatforms) = postSolution
		{47880D0A-41C7-44E6-8273-A29B6D79834C}.Debug|Any CPU.ActiveCfg = Debug|Any CPU
		{47880D0A-41C7-44E6-8273-A29B6D79834C}.Debug|Any CPU.Build.0 = Debug|Any CPU
		{47880D0A-41C7-44E6-8273-A29B6D79834C}.Release|Any CPU.ActiveCfg = Release|Any CPU
		{47880D0A-41C7-44E6-8273-A29B6D79834C}.Release|Any CPU.Build.0 = Release|Any CPU
		{E03B6C88-D530-4646-AA51-A352356BCBBC}.Debug|Any CPU.ActiveCfg = Debug|Any CPU
		{E03B6C88-D530-4646-AA51-A352356BCBBC}.Debug|Any CPU.Build.0 = Debug|Any CPU
		{E03B6C88-D530-4646-AA51-A352356BCBBC}.Release|Any CPU.ActiveCfg = Release|Any CPU
		{E03B6C88-D530-4646-AA51-A352356BCBBC}.Release|Any CPU.Build.0 = Release|Any CPU
		{B687F4E9-8F76-431B-B9D3-051A58270F3A}.Debug|Any CPU.ActiveCfg = Debug|Any CPU
		{B687F4E9-8F76-431B-B9D3-051A58270F3A}.Debug|Any CPU.Build.0 = Debug|Any CPU
		{B687F4E9-8F76-431B-B9D3-051A58270F3A}.Release|Any CPU.ActiveCfg = Release|Any CPU
		{B687F4E9-8F76-431B-B9D3-051A58270F3A}.Release|Any CPU.Build.0 = Release|Any CPU
		{8B7E61D0-A314-4501-B6C3-E741E03196C0}.Debug|Any CPU.ActiveCfg = Debug|Any CPU
		{8B7E61D0-A314-4501-B6C3-E741E03196C0}.Debug|Any CPU.Build.0 = Debug|Any CPU
		{8B7E61D0-A314-4501-B6C3-E741E03196C0}.Release|Any CPU.ActiveCfg = Release|Any CPU
		{8B7E61D0-A314-4501-B6C3-E741E03196C0}.Release|Any CPU.Build.0 = Release|Any CPU
		{1CD262C8-526C-46C7-AC97-311822245151}.Debug|Any CPU.ActiveCfg = Debug|Any CPU
		{1CD262C8-526C-46C7-AC97-311822245151}.Debug|Any CPU.Build.0 = Debug|Any CPU
		{1CD262C8-526C-46C7-AC97-311822245151}.Release|Any CPU.ActiveCfg = Release|Any CPU
		{1CD262C8-526C-46C7-AC97-311822245151}.Release|Any CPU.Build.0 = Release|Any CPU
	EndGlobalSection
	GlobalSection(NestedProjects) = preSolution
		{47880D0A-41C7-44E6-8273-A29B6D79834C} = {C3FE341A-BCB0-45BD-B33E-513AA6084B3D}
		{E03B6C88-D530-4646-AA51-A352356BCBBC} = {C3FE341A-BCB0-45BD-B33E-513AA6084B3D}
		{B687F4E9-8F76-431B-B9D3-051A58270F3A} = {C3FE341A-BCB0-45BD-B33E-513AA6084B3D}
		{8B7E61D0-A314-4501-B6C3-E741E03196C0} = {C3FE341A-BCB0-45BD-B33E-513AA6084B3D}
		{1CD262C8-526C-46C7-AC97-311822245151} = {C3FE341A-BCB0-45BD-B33E-513AA6084B3D}
		{89BF7C46-52C1-451B-9E6B-B17662046369} = {6B6D22FF-6E0C-43D2-A537-67D36344E06C}
	EndGlobalSection
EndGlobal
